
Microsoft Visual Studio Solution File, Format Version 12.00
# Visual Studio Version 16
VisualStudioVersion = 16.0.32126.315
MinimumVisualStudioVersion = 10.0.40219.1
Project("{9A19103F-16F7-4668-BE54-9A1E7A4F7556}") = "Library.Api", "Library.Api\Library.Api.csproj", "{AE4FBCA7-2D41-4C54-9FB2-9AB82E177D2A}"
EndProject
Project("{9A19103F-16F7-4668-BE54-9A1E7A4F7556}") = "Library.Core", "Library.Core\Library.Core.csproj", "{C51EFF3B-BA63-4D2A-85BD-A2C1ED1790F8}"
EndProject
Project("{9A19103F-16F7-4668-BE54-9A1E7A4F7556}") = "Library.Infrastructure", "Library.Infrastructure\Library.Infrastructure.csproj", "{7C90D8B8-6C75-40C1-8B8C-589D963B6E5D}"
EndProject
Project("{2150E333-8FDC-42A3-9474-1A3956D46DE8}") = "Tests", "Tests", "{361E53E4-FB82-42C9-899D-E8851077B802}"
EndProject
Project("{9A19103F-16F7-4668-BE54-9A1E7A4F7556}") = "Library.UnitTests", "Library.UnitTests\Library.UnitTests.csproj", "{AD0855D8-A782-4A01-BF98-BA06383E5369}"
EndProject
Project("{9A19103F-16F7-4668-BE54-9A1E7A4F7556}") = "Infrastructure.IntegrationTests", "Infrastructure.IntegrationTests\Infrastructure.IntegrationTests.csproj", "{063D9A25-2CC8-4E2E-92BB-45E14B0808D5}"
EndProject
Global
	GlobalSection(SolutionConfigurationPlatforms) = preSolution
		Debug|Any CPU = Debug|Any CPU
		Release|Any CPU = Release|Any CPU
	EndGlobalSection
	GlobalSection(ProjectConfigurationPlatforms) = postSolution
		{AE4FBCA7-2D41-4C54-9FB2-9AB82E177D2A}.Debug|Any CPU.ActiveCfg = Debug|Any CPU
		{AE4FBCA7-2D41-4C54-9FB2-9AB82E177D2A}.Debug|Any CPU.Build.0 = Debug|Any CPU
		{AE4FBCA7-2D41-4C54-9FB2-9AB82E177D2A}.Release|Any CPU.ActiveCfg = Release|Any CPU
		{AE4FBCA7-2D41-4C54-9FB2-9AB82E177D2A}.Release|Any CPU.Build.0 = Release|Any CPU
		{C51EFF3B-BA63-4D2A-85BD-A2C1ED1790F8}.Debug|Any CPU.ActiveCfg = Debug|Any CPU
		{C51EFF3B-BA63-4D2A-85BD-A2C1ED1790F8}.Debug|Any CPU.Build.0 = Debug|Any CPU
		{C51EFF3B-BA63-4D2A-85BD-A2C1ED1790F8}.Release|Any CPU.ActiveCfg = Release|Any CPU
		{C51EFF3B-BA63-4D2A-85BD-A2C1ED1790F8}.Release|Any CPU.Build.0 = Release|Any CPU
		{7C90D8B8-6C75-40C1-8B8C-589D963B6E5D}.Debug|Any CPU.ActiveCfg = Debug|Any CPU
		{7C90D8B8-6C75-40C1-8B8C-589D963B6E5D}.Debug|Any CPU.Build.0 = Debug|Any CPU
		{7C90D8B8-6C75-40C1-8B8C-589D963B6E5D}.Release|Any CPU.ActiveCfg = Release|Any CPU
		{7C90D8B8-6C75-40C1-8B8C-589D963B6E5D}.Release|Any CPU.Build.0 = Release|Any CPU
		{AD0855D8-A782-4A01-BF98-BA06383E5369}.Debug|Any CPU.ActiveCfg = Debug|Any CPU
		{AD0855D8-A782-4A01-BF98-BA06383E5369}.Debug|Any CPU.Build.0 = Debug|Any CPU
		{AD0855D8-A782-4A01-BF98-BA06383E5369}.Release|Any CPU.ActiveCfg = Release|Any CPU
		{AD0855D8-A782-4A01-BF98-BA06383E5369}.Release|Any CPU.Build.0 = Release|Any CPU
		{063D9A25-2CC8-4E2E-92BB-45E14B0808D5}.Debug|Any CPU.ActiveCfg = Debug|Any CPU
		{063D9A25-2CC8-4E2E-92BB-45E14B0808D5}.Debug|Any CPU.Build.0 = Debug|Any CPU
		{063D9A25-2CC8-4E2E-92BB-45E14B0808D5}.Release|Any CPU.ActiveCfg = Release|Any CPU
		{063D9A25-2CC8-4E2E-92BB-45E14B0808D5}.Release|Any CPU.Build.0 = Release|Any CPU
	EndGlobalSection
	GlobalSection(SolutionProperties) = preSolution
		HideSolutionNode = FALSE
	EndGlobalSection
	GlobalSection(NestedProjects) = preSolution
		{AD0855D8-A782-4A01-BF98-BA06383E5369} = {361E53E4-FB82-42C9-899D-E8851077B802}
		{063D9A25-2CC8-4E2E-92BB-45E14B0808D5} = {361E53E4-FB82-42C9-899D-E8851077B802}
	EndGlobalSection
	GlobalSection(ExtensibilityGlobals) = postSolution
		SolutionGuid = {E55E4F8C-0AD0-4245-9632-315B1B7A6A6F}
	EndGlobalSection
EndGlobal
